
Microsoft Visual Studio Solution File, Format Version 12.00
# Visual Studio Version 16
VisualStudioVersion = 16.0.30907.101
MinimumVisualStudioVersion = 10.0.40219.1
Project("{FAE04EC0-301F-11D3-BF4B-00C04F79EFBC}") = "B10956027", "B10956027\B10956027.csproj", "{CCC58267-5E5C-48F4-A894-56D481F38888}"
EndProject
Global
	GlobalSection(SolutionConfigurationPlatforms) = preSolution
		Debug|Any CPU = Debug|Any CPU
		Release|Any CPU = Release|Any CPU
	EndGlobalSection
	GlobalSection(ProjectConfigurationPlatforms) = postSolution
		{CCC58267-5E5C-48F4-A894-56D481F38888}.Debug|Any CPU.ActiveCfg = Debug|Any CPU
		{CCC58267-5E5C-48F4-A894-56D481F38888}.Debug|Any CPU.Build.0 = Debug|Any CPU
		{CCC58267-5E5C-48F4-A894-56D481F38888}.Release|Any CPU.ActiveCfg = Release|Any CPU
		{CCC58267-5E5C-48F4-A894-56D481F38888}.Release|Any CPU.Build.0 = Release|Any CPU
	EndGlobalSection
	GlobalSection(SolutionProperties) = preSolution
		HideSolutionNode = FALSE
	EndGlobalSection
	GlobalSection(ExtensibilityGlobals) = postSolution
		SolutionGuid = {5B001625-0241-4F90-87A1-05F381197EEC}
	EndGlobalSection
EndGlobal
